
Microsoft Visual Studio Solution File, Format Version 12.00
# Visual Studio Version 16
VisualStudioVersion = 16.0.31624.102
MinimumVisualStudioVersion = 10.0.40219.1
Project("{FAE04EC0-301F-11D3-BF4B-00C04F79EFBC}") = "SudokuSolver", "SudokuSolver\SudokuSolver.csproj", "{AC3FDD9C-A0BD-4754-8ADB-09B89E7E2748}"
EndProject
Project("{FAE04EC0-301F-11D3-BF4B-00C04F79EFBC}") = "Tests", "Tests\Tests.csproj", "{D6F297CC-170B-48AB-99B0-5C5AE6FD14B1}"
EndProject
Global
	GlobalSection(SolutionConfigurationPlatforms) = preSolution
		Debug|Any CPU = Debug|Any CPU
		Release|Any CPU = Release|Any CPU
	EndGlobalSection
	GlobalSection(ProjectConfigurationPlatforms) = postSolution
		{AC3FDD9C-A0BD-4754-8ADB-09B89E7E2748}.Debug|Any CPU.ActiveCfg = Debug|Any CPU
		{AC3FDD9C-A0BD-4754-8ADB-09B89E7E2748}.Debug|Any CPU.Build.0 = Debug|Any CPU
		{AC3FDD9C-A0BD-4754-8ADB-09B89E7E2748}.Release|Any CPU.ActiveCfg = Release|Any CPU
		{AC3FDD9C-A0BD-4754-8ADB-09B89E7E2748}.Release|Any CPU.Build.0 = Release|Any CPU
		{D6F297CC-170B-48AB-99B0-5C5AE6FD14B1}.Debug|Any CPU.ActiveCfg = Debug|Any CPU
		{D6F297CC-170B-48AB-99B0-5C5AE6FD14B1}.Debug|Any CPU.Build.0 = Debug|Any CPU
		{D6F297CC-170B-48AB-99B0-5C5AE6FD14B1}.Release|Any CPU.ActiveCfg = Release|Any CPU
		{D6F297CC-170B-48AB-99B0-5C5AE6FD14B1}.Release|Any CPU.Build.0 = Release|Any CPU
	EndGlobalSection
	GlobalSection(SolutionProperties) = preSolution
		HideSolutionNode = FALSE
	EndGlobalSection
	GlobalSection(ExtensibilityGlobals) = postSolution
		SolutionGuid = {5D624A24-AF35-4FAC-B4DE-8AD0BC4DA3AB}
	EndGlobalSection
EndGlobal
